
Microsoft Visual Studio Solution File, Format Version 12.00
# Visual Studio Version 17
VisualStudioVersion = 17.6.33829.357
MinimumVisualStudioVersion = 10.0.40219.1
Project("{FAE04EC0-301F-11D3-BF4B-00C04F79EFBC}") = "PortFolio_A1", "PortFolio_A1\PortFolio_A1.csproj", "{A9B236CE-756A-4E1D-90AE-A226D6EDAE3F}"
EndProject
Global
	GlobalSection(SolutionConfigurationPlatforms) = preSolution
		Debug|Any CPU = Debug|Any CPU
		Release|Any CPU = Release|Any CPU
	EndGlobalSection
	GlobalSection(ProjectConfigurationPlatforms) = postSolution
		{A9B236CE-756A-4E1D-90AE-A226D6EDAE3F}.Debug|Any CPU.ActiveCfg = Debug|Any CPU
		{A9B236CE-756A-4E1D-90AE-A226D6EDAE3F}.Debug|Any CPU.Build.0 = Debug|Any CPU
		{A9B236CE-756A-4E1D-90AE-A226D6EDAE3F}.Release|Any CPU.ActiveCfg = Release|Any CPU
		{A9B236CE-756A-4E1D-90AE-A226D6EDAE3F}.Release|Any CPU.Build.0 = Release|Any CPU
	EndGlobalSection
	GlobalSection(SolutionProperties) = preSolution
		HideSolutionNode = FALSE
	EndGlobalSection
	GlobalSection(ExtensibilityGlobals) = postSolution
		SolutionGuid = {522C6418-1585-4EA0-B23B-30C59003A0B1}
	EndGlobalSection
EndGlobal
