
Microsoft Visual Studio Solution File, Format Version 12.00
# Visual Studio Version 17
VisualStudioVersion = 17.6.33829.357
MinimumVisualStudioVersion = 10.0.40219.1
Project("{FAE04EC0-301F-11D3-BF4B-00C04F79EFBC}") = "FIT5032_MyFirstWebAPI", "FIT5032_MyFirstWebAPI\FIT5032_MyFirstWebAPI.csproj", "{5A597CED-90B7-43ED-9653-E15BC56890FF}"
EndProject
Global
	GlobalSection(SolutionConfigurationPlatforms) = preSolution
		Debug|Any CPU = Debug|Any CPU
		Release|Any CPU = Release|Any CPU
	EndGlobalSection
	GlobalSection(ProjectConfigurationPlatforms) = postSolution
		{5A597CED-90B7-43ED-9653-E15BC56890FF}.Debug|Any CPU.ActiveCfg = Debug|Any CPU
		{5A597CED-90B7-43ED-9653-E15BC56890FF}.Debug|Any CPU.Build.0 = Debug|Any CPU
		{5A597CED-90B7-43ED-9653-E15BC56890FF}.Release|Any CPU.ActiveCfg = Release|Any CPU
		{5A597CED-90B7-43ED-9653-E15BC56890FF}.Release|Any CPU.Build.0 = Release|Any CPU
	EndGlobalSection
	GlobalSection(SolutionProperties) = preSolution
		HideSolutionNode = FALSE
	EndGlobalSection
	GlobalSection(ExtensibilityGlobals) = postSolution
		SolutionGuid = {B1FD2BED-89E7-4B8A-888A-0E1D8CB6D716}
	EndGlobalSection
EndGlobal
